// !$*UTF8*$!
{
	archiveVersion = 1;
	classes = {
	};
	objectVersion = 55;
	objects = {

/* Begin PBXBuildFile section */
		5FF63F25275CBFA9009778AF /* AppDelegate.swift in Sources */ = {isa = PBXBuildFile; fileRef = 5FF63F24275CBFA9009778AF /* AppDelegate.swift */; };
		5FF63F27275CBFA9009778AF /* SceneDelegate.swift in Sources */ = {isa = PBXBuildFile; fileRef = 5FF63F26275CBFA9009778AF /* SceneDelegate.swift */; };
		5FF63F29275CBFA9009778AF /* ViewController.swift in Sources */ = {isa = PBXBuildFile; fileRef = 5FF63F28275CBFA9009778AF /* ViewController.swift */; };
		5FF63F2C275CBFA9009778AF /* Main.storyboard in Resources */ = {isa = PBXBuildFile; fileRef = 5FF63F2A275CBFA9009778AF /* Main.storyboard */; };
		5FF63F2E275CBFAE009778AF /* Assets.xcassets in Resources */ = {isa = PBXBuildFile; fileRef = 5FF63F2D275CBFAE009778AF /* Assets.xcassets */; };
		5FF63F31275CBFAE009778AF /* LaunchScreen.storyboard in Resources */ = {isa = PBXBuildFile; fileRef = 5FF63F2F275CBFAE009778AF /* LaunchScreen.storyboard */; };
		5FF63F3C275CBFAF009778AF /* callTests.swift in Sources */ = {isa = PBXBuildFile; fileRef = 5FF63F3B275CBFAF009778AF /* callTests.swift */; };
		5FF63F46275CBFAF009778AF /* callUITests.swift in Sources */ = {isa = PBXBuildFile; fileRef = 5FF63F45275CBFAF009778AF /* callUITests.swift */; };
		5FF63F48275CBFAF009778AF /* callUITestsLaunchTests.swift in Sources */ = {isa = PBXBuildFile; fileRef = 5FF63F47275CBFAF009778AF /* callUITestsLaunchTests.swift */; };
/* End PBXBuildFile section */

/* Begin PBXContainerItemProxy section */
		5FF63F38275CBFAF009778AF /* PBXContainerItemProxy */ = {
			isa = PBXContainerItemProxy;
			containerPortal = 5FF63F19275CBFA9009778AF /* Project object */;
			proxyType = 1;
			remoteGlobalIDString = 5FF63F20275CBFA9009778AF;
			remoteInfo = call;
		};
		5FF63F42275CBFAF009778AF /* PBXContainerItemProxy */ = {
			isa = PBXContainerItemProxy;
			containerPortal = 5FF63F19275CBFA9009778AF /* Project object */;
			proxyType = 1;
			remoteGlobalIDString = 5FF63F20275CBFA9009778AF;
			remoteInfo = call;
		};
/* End PBXContainerItemProxy section */

/* Begin PBXFileReference section */
		5FF63F21275CBFA9009778AF /* call.app */ = {isa = PBXFileReference; explicitFileType = wrapper.application; includeInIndex = 0; path = call.app; sourceTree = BUILT_PRODUCTS_DIR; };
		5FF63F24275CBFA9009778AF /* AppDelegate.swift */ = {isa = PBXFileReference; lastKnownFileType = sourcecode.swift; path = AppDelegate.swift; sourceTree = "<group>"; };
		5FF63F26275CBFA9009778AF /* SceneDelegate.swift */ = {isa = PBXFileReference; lastKnownFileType = sourcecode.swift; path = SceneDelegate.swift; sourceTree = "<group>"; };
		5FF63F28275CBFA9009778AF /* ViewController.swift */ = {isa = PBXFileReference; lastKnownFileType = sourcecode.swift; path = ViewController.swift; sourceTree = "<group>"; };
		5FF63F2B275CBFA9009778AF /* Base */ = {isa = PBXFileReference; lastKnownFileType = file.storyboard; name = Base; path = Base.lproj/Main.storyboard; sourceTree = "<group>"; };
		5FF63F2D275CBFAE009778AF /* Assets.xcassets */ = {isa = PBXFileReference; lastKnownFileType = folder.assetcatalog; path = Assets.xcassets; sourceTree = "<group>"; };
		5FF63F30275CBFAE009778AF /* Base */ = {isa = PBXFileReference; lastKnownFileType = file.storyboard; name = Base; path = Base.lproj/LaunchScreen.storyboard; sourceTree = "<group>"; };
		5FF63F32275CBFAE009778AF /* Info.plist */ = {isa = PBXFileReference; lastKnownFileType = text.plist.xml; path = Info.plist; sourceTree = "<group>"; };
		5FF63F37275CBFAF009778AF /* callTests.xctest */ = {isa = PBXFileReference; explicitFileType = wrapper.cfbundle; includeInIndex = 0; path = callTests.xctest; sourceTree = BUILT_PRODUCTS_DIR; };
		5FF63F3B275CBFAF009778AF /* callTests.swift */ = {isa = PBXFileReference; lastKnownFileType = sourcecode.swift; path = callTests.swift; sourceTree = "<group>"; };
		5FF63F41275CBFAF009778AF /* callUITests.xctest */ = {isa = PBXFileReference; explicitFileType = wrapper.cfbundle; includeInIndex = 0; path = callUITests.xctest; sourceTree = BUILT_PRODUCTS_DIR; };
		5FF63F45275CBFAF009778AF /* callUITests.swift */ = {isa = PBXFileReference; lastKnownFileType = sourcecode.swift; path = callUITests.swift; sourceTree = "<group>"; };
		5FF63F47275CBFAF009778AF /* callUITestsLaunchTests.swift */ = {isa = PBXFileReference; lastKnownFileType = sourcecode.swift; path = callUITestsLaunchTests.swift; sourceTree = "<group>"; };
/* End PBXFileReference section */

/* Begin PBXFrameworksBuildPhase section */
		5FF63F1E275CBFA9009778AF /* Frameworks */ = {
			isa = PBXFrameworksBuildPhase;
			buildActionMask = 2147483647;
			files = (
			);
			runOnlyForDeploymentPostprocessing = 0;
		};
		5FF63F34275CBFAF009778AF /* Frameworks */ = {
			isa = PBXFrameworksBuildPhase;
			buildActionMask = 2147483647;
			files = (
			);
			runOnlyForDeploymentPostprocessing = 0;
		};
		5FF63F3E275CBFAF009778AF /* Frameworks */ = {
			isa = PBXFrameworksBuildPhase;
			buildActionMask = 2147483647;
			files = (
			);
			runOnlyForDeploymentPostprocessing = 0;
		};
/* End PBXFrameworksBuildPhase section */

/* Begin PBXGroup section */
		5FF63F18275CBFA9009778AF = {
			isa = PBXGroup;
			children = (
				5FF63F23275CBFA9009778AF /* call */,
				5FF63F3A275CBFAF009778AF /* callTests */,
				5FF63F44275CBFAF009778AF /* callUITests */,
				5FF63F22275CBFA9009778AF /* Products */,
			);
			sourceTree = "<group>";
		};
		5FF63F22275CBFA9009778AF /* Products */ = {
			isa = PBXGroup;
			children = (
				5FF63F21275CBFA9009778AF /* call.app */,
				5FF63F37275CBFAF009778AF /* callTests.xctest */,
				5FF63F41275CBFAF009778AF /* callUITests.xctest */,
			);
			name = Products;
			sourceTree = "<group>";
		};
		5FF63F23275CBFA9009778AF /* call */ = {
			isa = PBXGroup;
			children = (
				5FF63F24275CBFA9009778AF /* AppDelegate.swift */,
				5FF63F26275CBFA9009778AF /* SceneDelegate.swift */,
				5FF63F28275CBFA9009778AF /* ViewController.swift */,
				5FF63F2A275CBFA9009778AF /* Main.storyboard */,
				5FF63F2D275CBFAE009778AF /* Assets.xcassets */,
				5FF63F2F275CBFAE009778AF /* LaunchScreen.storyboard */,
				5FF63F32275CBFAE009778AF /* Info.plist */,
			);
			path = call;
			sourceTree = "<group>";
		};
		5FF63F3A275CBFAF009778AF /* callTests */ = {
			isa = PBXGroup;
			children = (
				5FF63F3B275CBFAF009778AF /* callTests.swift */,
			);
			path = callTests;
			sourceTree = "<group>";
		};
		5FF63F44275CBFAF009778AF /* callUITests */ = {
			isa = PBXGroup;
			children = (
				5FF63F45275CBFAF009778AF /* callUITests.swift */,
				5FF63F47275CBFAF009778AF /* callUITestsLaunchTests.swift */,
			);
			path = callUITests;
			sourceTree = "<group>";
		};
/* End PBXGroup section */

/* Begin PBXNativeTarget section */
		5FF63F20275CBFA9009778AF /* call */ = {
			isa = PBXNativeTarget;
			buildConfigurationList = 5FF63F4B275CBFAF009778AF /* Build configuration list for PBXNativeTarget "call" */;
			buildPhases = (
				5FF63F1D275CBFA9009778AF /* Sources */,
				5FF63F1E275CBFA9009778AF /* Frameworks */,
				5FF63F1F275CBFA9009778AF /* Resources */,
			);
			buildRules = (
			);
			dependencies = (
			);
			name = call;
			productName = call;
			productReference = 5FF63F21275CBFA9009778AF /* call.app */;
			productType = "com.apple.product-type.application";
		};
		5FF63F36275CBFAF009778AF /* callTests */ = {
			isa = PBXNativeTarget;
			buildConfigurationList = 5FF63F4E275CBFAF009778AF /* Build configuration list for PBXNativeTarget "callTests" */;
			buildPhases = (
				5FF63F33275CBFAF009778AF /* Sources */,
				5FF63F34275CBFAF009778AF /* Frameworks */,
				5FF63F35275CBFAF009778AF /* Resources */,
			);
			buildRules = (
			);
			dependencies = (
				5FF63F39275CBFAF009778AF /* PBXTargetDependency */,
			);
			name = callTests;
			productName = callTests;
			productReference = 5FF63F37275CBFAF009778AF /* callTests.xctest */;
			productType = "com.apple.product-type.bundle.unit-test";
		};
		5FF63F40275CBFAF009778AF /* callUITests */ = {
			isa = PBXNativeTarget;
			buildConfigurationList = 5FF63F51275CBFAF009778AF /* Build configuration list for PBXNativeTarget "callUITests" */;
			buildPhases = (
				5FF63F3D275CBFAF009778AF /* Sources */,
				5FF63F3E275CBFAF009778AF /* Frameworks */,
				5FF63F3F275CBFAF009778AF /* Resources */,
			);
			buildRules = (
			);
			dependencies = (
				5FF63F43275CBFAF009778AF /* PBXTargetDependency */,
			);
			name = callUITests;
			productName = callUITests;
			productReference = 5FF63F41275CBFAF009778AF /* callUITests.xctest */;
			productType = "com.apple.product-type.bundle.ui-testing";
		};
/* End PBXNativeTarget section */

/* Begin PBXProject section */
		5FF63F19275CBFA9009778AF /* Project object */ = {
			isa = PBXProject;
			attributes = {
				BuildIndependentTargetsInParallel = 1;
				LastSwiftUpdateCheck = 1310;
				LastUpgradeCheck = 1310;
				TargetAttributes = {
					5FF63F20275CBFA9009778AF = {
						CreatedOnToolsVersion = 13.1;
					};
					5FF63F36275CBFAF009778AF = {
						CreatedOnToolsVersion = 13.1;
						TestTargetID = 5FF63F20275CBFA9009778AF;
					};
					5FF63F40275CBFAF009778AF = {
						CreatedOnToolsVersion = 13.1;
						TestTargetID = 5FF63F20275CBFA9009778AF;
					};
				};
			};
			buildConfigurationList = 5FF63F1C275CBFA9009778AF /* Build configuration list for PBXProject "call" */;
			compatibilityVersion = "Xcode 13.0";
			developmentRegion = en;
			hasScannedForEncodings = 0;
			knownRegions = (
				en,
				Base,
			);
			mainGroup = 5FF63F18275CBFA9009778AF;
			productRefGroup = 5FF63F22275CBFA9009778AF /* Products */;
			projectDirPath = "";
			projectRoot = "";
			targets = (
				5FF63F20275CBFA9009778AF /* call */,
				5FF63F36275CBFAF009778AF /* callTests */,
				5FF63F40275CBFAF009778AF /* callUITests */,
			);
		};
/* End PBXProject section */

/* Begin PBXResourcesBuildPhase section */
		5FF63F1F275CBFA9009778AF /* Resources */ = {
			isa = PBXResourcesBuildPhase;
			buildActionMask = 2147483647;
			files = (
				5FF63F31275CBFAE009778AF /* LaunchScreen.storyboard in Resources */,
				5FF63F2E275CBFAE009778AF /* Assets.xcassets in Resources */,
				5FF63F2C275CBFA9009778AF /* Main.storyboard in Resources */,
			);
			runOnlyForDeploymentPostprocessing = 0;
		};
		5FF63F35275CBFAF009778AF /* Resources */ = {
			isa = PBXResourcesBuildPhase;
			buildActionMask = 2147483647;
			files = (
			);
			runOnlyForDeploymentPostprocessing = 0;
		};
		5FF63F3F275CBFAF009778AF /* Resources */ = {
			isa = PBXResourcesBuildPhase;
			buildActionMask = 2147483647;
			files = (
			);
			runOnlyForDeploymentPostprocessing = 0;
		};
/* End PBXResourcesBuildPhase section */

/* Begin PBXSourcesBuildPhase section */
		5FF63F1D275CBFA9009778AF /* Sources */ = {
			isa = PBXSourcesBuildPhase;
			buildActionMask = 2147483647;
			files = (
				5FF63F29275CBFA9009778AF /* ViewController.swift in Sources */,
				5FF63F25275CBFA9009778AF /* AppDelegate.swift in Sources */,
				5FF63F27275CBFA9009778AF /* SceneDelegate.swift in Sources */,
			);
			runOnlyForDeploymentPostprocessing = 0;
		};
		5FF63F33275CBFAF009778AF /* Sources */ = {
			isa = PBXSourcesBuildPhase;
			buildActionMask = 2147483647;
			files = (
				5FF63F3C275CBFAF009778AF /* callTests.swift in Sources */,
			);
			runOnlyForDeploymentPostprocessing = 0;
		};
		5FF63F3D275CBFAF009778AF /* Sources */ = {
			isa = PBXSourcesBuildPhase;
			buildActionMask = 2147483647;
			files = (
				5FF63F48275CBFAF009778AF /* callUITestsLaunchTests.swift in Sources */,
				5FF63F46275CBFAF009778AF /* callUITests.swift in Sources */,
			);
			runOnlyForDeploymentPostprocessing = 0;
		};
/* End PBXSourcesBuildPhase section */

/* Begin PBXTargetDependency section */
		5FF63F39275CBFAF009778AF /* PBXTargetDependency */ = {
			isa = PBXTargetDependency;
			target = 5FF63F20275CBFA9009778AF /* call */;
			targetProxy = 5FF63F38275CBFAF009778AF /* PBXContainerItemProxy */;
		};
		5FF63F43275CBFAF009778AF /* PBXTargetDependency */ = {
			isa = PBXTargetDependency;
			target = 5FF63F20275CBFA9009778AF /* call */;
			targetProxy = 5FF63F42275CBFAF009778AF /* PBXContainerItemProxy */;
		};
/* End PBXTargetDependency section */

/* Begin PBXVariantGroup section */
		5FF63F2A275CBFA9009778AF /* Main.storyboard */ = {
			isa = PBXVariantGroup;
			children = (
				5FF63F2B275CBFA9009778AF /* Base */,
			);
			name = Main.storyboard;
			sourceTree = "<group>";
		};
		5FF63F2F275CBFAE009778AF /* LaunchScreen.storyboard */ = {
			isa = PBXVariantGroup;
			children = (
				5FF63F30275CBFAE009778AF /* Base */,
			);
			name = LaunchScreen.storyboard;
			sourceTree = "<group>";
		};
/* End PBXVariantGroup section */

/* Begin XCBuildConfiguration section */
		5FF63F49275CBFAF009778AF /* Debug */ = {
			isa = XCBuildConfiguration;
			buildSettings = {
				ALWAYS_SEARCH_USER_PATHS = NO;
				CLANG_ANALYZER_NONNULL = YES;
				CLANG_ANALYZER_NUMBER_OBJECT_CONVERSION = YES_AGGRESSIVE;
				CLANG_CXX_LANGUAGE_STANDARD = "gnu++17";
				CLANG_CXX_LIBRARY = "libc++";
				CLANG_ENABLE_MODULES = YES;
				CLANG_ENABLE_OBJC_ARC = YES;
				CLANG_ENABLE_OBJC_WEAK = YES;
				CLANG_WARN_BLOCK_CAPTURE_AUTORELEASING = YES;
				CLANG_WARN_BOOL_CONVERSION = YES;
				CLANG_WARN_COMMA = YES;
				CLANG_WARN_CONSTANT_CONVERSION = YES;
				CLANG_WARN_DEPRECATED_OBJC_IMPLEMENTATIONS = YES;
				CLANG_WARN_DIRECT_OBJC_ISA_USAGE = YES_ERROR;
				CLANG_WARN_DOCUMENTATION_COMMENTS = YES;
				CLANG_WARN_EMPTY_BODY = YES;
				CLANG_WARN_ENUM_CONVERSION = YES;
				CLANG_WARN_INFINITE_RECURSION = YES;
				CLANG_WARN_INT_CONVERSION = YES;
				CLANG_WARN_NON_LITERAL_NULL_CONVERSION = YES;
				CLANG_WARN_OBJC_IMPLICIT_RETAIN_SELF = YES;
				CLANG_WARN_OBJC_LITERAL_CONVERSION = YES;
				CLANG_WARN_OBJC_ROOT_CLASS = YES_ERROR;
				CLANG_WARN_QUOTED_INCLUDE_IN_FRAMEWORK_HEADER = YES;
				CLANG_WARN_RANGE_LOOP_ANALYSIS = YES;
				CLANG_WARN_STRICT_PROTOTYPES = YES;
				CLANG_WARN_SUSPICIOUS_MOVE = YES;
				CLANG_WARN_UNGUARDED_AVAILABILITY = YES_AGGRESSIVE;
				CLANG_WARN_UNREACHABLE_CODE = YES;
				CLANG_WARN__DUPLICATE_METHOD_MATCH = YES;
				COPY_PHASE_STRIP = NO;
				DEBUG_INFORMATION_FORMAT = dwarf;
				ENABLE_STRICT_OBJC_MSGSEND = YES;
				ENABLE_TESTABILITY = YES;
				GCC_C_LANGUAGE_STANDARD = gnu11;
				GCC_DYNAMIC_NO_PIC = NO;
				GCC_NO_COMMON_BLOCKS = YES;
				GCC_OPTIMIZATION_LEVEL = 0;
				GCC_PREPROCESSOR_DEFINITIONS = (
					"DEBUG=1",
					"$(inherited)",
				);
				GCC_WARN_64_TO_32_BIT_CONVERSION = YES;
				GCC_WARN_ABOUT_RETURN_TYPE = YES_ERROR;
				GCC_WARN_UNDECLARED_SELECTOR = YES;
				GCC_WARN_UNINITIALIZED_AUTOS = YES_AGGRESSIVE;
				GCC_WARN_UNUSED_FUNCTION = YES;
				GCC_WARN_UNUSED_VARIABLE = YES;
				IPHONEOS_DEPLOYMENT_TARGET = 15.0;
				MTL_ENABLE_DEBUG_INFO = INCLUDE_SOURCE;
				MTL_FAST_MATH = YES;
				ONLY_ACTIVE_ARCH = YES;
				SDKROOT = iphoneos;
				SWIFT_ACTIVE_COMPILATION_CONDITIONS = DEBUG;
				SWIFT_OPTIMIZATION_LEVEL = "-Onone";
			};
			name = Debug;
		};
		5FF63F4A275CBFAF009778AF /* Release */ = {
			isa = XCBuildConfiguration;
			buildSettings = {
				ALWAYS_SEARCH_USER_PATHS = NO;
				CLANG_ANALYZER_NONNULL = YES;
				CLANG_ANALYZER_NUMBER_OBJECT_CONVERSION = YES_AGGRESSIVE;
				CLANG_CXX_LANGUAGE_STANDARD = "gnu++17";
				CLANG_CXX_LIBRARY = "libc++";
				CLANG_ENABLE_MODULES = YES;
				CLANG_ENABLE_OBJC_ARC = YES;
				CLANG_ENABLE_OBJC_WEAK = YES;
				CLANG_WARN_BLOCK_CAPTURE_AUTORELEASING = YES;
				CLANG_WARN_BOOL_CONVERSION = YES;
				CLANG_WARN_COMMA = YES;
				CLANG_WARN_CONSTANT_CONVERSION = YES;
				CLANG_WARN_DEPRECATED_OBJC_IMPLEMENTATIONS = YES;
				CLANG_WARN_DIRECT_OBJC_ISA_USAGE = YES_ERROR;
				CLANG_WARN_DOCUMENTATION_COMMENTS = YES;
				CLANG_WARN_EMPTY_BODY = YES;
				CLANG_WARN_ENUM_CONVERSION = YES;
				CLANG_WARN_INFINITE_RECURSION = YES;
				CLANG_WARN_INT_CONVERSION = YES;
				CLANG_WARN_NON_LITERAL_NULL_CONVERSION = YES;
				CLANG_WARN_OBJC_IMPLICIT_RETAIN_SELF = YES;
				CLANG_WARN_OBJC_LITERAL_CONVERSION = YES;
				CLANG_WARN_OBJC_ROOT_CLASS = YES_ERROR;
				CLANG_WARN_QUOTED_INCLUDE_IN_FRAMEWORK_HEADER = YES;
				CLANG_WARN_RANGE_LOOP_ANALYSIS = YES;
				CLANG_WARN_STRICT_PROTOTYPES = YES;
				CLANG_WARN_SUSPICIOUS_MOVE = YES;
				CLANG_WARN_UNGUARDED_AVAILABILITY = YES_AGGRESSIVE;
				CLANG_WARN_UNREACHABLE_CODE = YES;
				CLANG_WARN__DUPLICATE_METHOD_MATCH = YES;
				COPY_PHASE_STRIP = NO;
				DEBUG_INFORMATION_FORMAT = "dwarf-with-dsym";
				ENABLE_NS_ASSERTIONS = NO;
				ENABLE_STRICT_OBJC_MSGSEND = YES;
				GCC_C_LANGUAGE_STANDARD = gnu11;
				GCC_NO_COMMON_BLOCKS = YES;
				GCC_WARN_64_TO_32_BIT_CONVERSION = YES;
				GCC_WARN_ABOUT_RETURN_TYPE = YES_ERROR;
				GCC_WARN_UNDECLARED_SELECTOR = YES;
				GCC_WARN_UNINITIALIZED_AUTOS = YES_AGGRESSIVE;
				GCC_WARN_UNUSED_FUNCTION = YES;
				GCC_WARN_UNUSED_VARIABLE = YES;
				IPHONEOS_DEPLOYMENT_TARGET = 15.0;
				MTL_ENABLE_DEBUG_INFO = NO;
				MTL_FAST_MATH = YES;
				SDKROOT = iphoneos;
				SWIFT_COMPILATION_MODE = wholemodule;
				SWIFT_OPTIMIZATION_LEVEL = "-O";
				VALIDATE_PRODUCT = YES;
			};
			name = Release;
		};
		5FF63F4C275CBFAF009778AF /* Debug */ = {
			isa = XCBuildConfiguration;
			buildSettings = {
				ASSETCATALOG_COMPILER_APPICON_NAME = AppIcon;
				ASSETCATALOG_COMPILER_GLOBAL_ACCENT_COLOR_NAME = AccentColor;
				CODE_SIGN_STYLE = Automatic;
				CURRENT_PROJECT_VERSION = 1;
				GENERATE_INFOPLIST_FILE = YES;
				INFOPLIST_FILE = call/Info.plist;
				INFOPLIST_KEY_UIApplicationSupportsIndirectInputEvents = YES;
				INFOPLIST_KEY_UILaunchStoryboardName = LaunchScreen;
				INFOPLIST_KEY_UIMainStoryboardFile = Main;
				INFOPLIST_KEY_UISupportedInterfaceOrientations_iPad = "UIInterfaceOrientationPortrait UIInterfaceOrientationPortraitUpsideDown UIInterfaceOrientationLandscapeLeft UIInterfaceOrientationLandscapeRight";
				INFOPLIST_KEY_UISupportedInterfaceOrientations_iPhone = "UIInterfaceOrientationPortrait UIInterfaceOrientationLandscapeLeft UIInterfaceOrientationLandscapeRight";
				LD_RUNPATH_SEARCH_PATHS = (
					"$(inherited)",
					"@executable_path/Frameworks",
				);
				MARKETING_VERSION = 1.0;
				PRODUCT_BUNDLE_IDENTIFIER = lamia.call;
				PRODUCT_NAME = "$(TARGET_NAME)";
				SWIFT_EMIT_LOC_STRINGS = YES;
				SWIFT_VERSION = 5.0;
				TARGETED_DEVICE_FAMILY = "1,2";
			};
			name = Debug;
		};
		5FF63F4D275CBFAF009778AF /* Release */ = {
			isa = XCBuildConfiguration;
			buildSettings = {
				ASSETCATALOG_COMPILER_APPICON_NAME = AppIcon;
				ASSETCATALOG_COMPILER_GLOBAL_ACCENT_COLOR_NAME = AccentColor;
				CODE_SIGN_STYLE = Automatic;
				CURRENT_PROJECT_VERSION = 1;
				GENERATE_INFOPLIST_FILE = YES;
				INFOPLIST_FILE = call/Info.plist;
				INFOPLIST_KEY_UIApplicationSupportsIndirectInputEvents = YES;
				INFOPLIST_KEY_UILaunchStoryboardName = LaunchScreen;
				INFOPLIST_KEY_UIMainStoryboardFile = Main;
				INFOPLIST_KEY_UISupportedInterfaceOrientations_iPad = "UIInterfaceOrientationPortrait UIInterfaceOrientationPortraitUpsideDown UIInterfaceOrientationLandscapeLeft UIInterfaceOrientationLandscapeRight";
				INFOPLIST_KEY_UISupportedInterfaceOrientations_iPhone = "UIInterfaceOrientationPortrait UIInterfaceOrientationLandscapeLeft UIInterfaceOrientationLandscapeRight";
				LD_RUNPATH_SEARCH_PATHS = (
					"$(inherited)",
					"@executable_path/Frameworks",
				);
				MARKETING_VERSION = 1.0;
				PRODUCT_BUNDLE_IDENTIFIER = lamia.call;
				PRODUCT_NAME = "$(TARGET_NAME)";
				SWIFT_EMIT_LOC_STRINGS = YES;
				SWIFT_VERSION = 5.0;
				TARGETED_DEVICE_FAMILY = "1,2";
			};
			name = Release;
		};
		5FF63F4F275CBFAF009778AF /* Debug */ = {
			isa = XCBuildConfiguration;
			buildSettings = {
				ALWAYS_EMBED_SWIFT_STANDARD_LIBRARIES = YES;
				BUNDLE_LOADER = "$(TEST_HOST)";
				CODE_SIGN_STYLE = Automatic;
				CURRENT_PROJECT_VERSION = 1;
				GENERATE_INFOPLIST_FILE = YES;
				IPHONEOS_DEPLOYMENT_TARGET = 15.0;
				LD_RUNPATH_SEARCH_PATHS = (
					"$(inherited)",
					"@executable_path/Frameworks",
					"@loader_path/Frameworks",
				);
				MARKETING_VERSION = 1.0;
				PRODUCT_BUNDLE_IDENTIFIER = lamia.callTests;
				PRODUCT_NAME = "$(TARGET_NAME)";
				SWIFT_EMIT_LOC_STRINGS = NO;
				SWIFT_VERSION = 5.0;
				TARGETED_DEVICE_FAMILY = "1,2";
				TEST_HOST = "$(BUILT_PRODUCTS_DIR)/call.app/call";
			};
			name = Debug;
		};
		5FF63F50275CBFAF009778AF /* Release */ = {
			isa = XCBuildConfiguration;
			buildSettings = {
				ALWAYS_EMBED_SWIFT_STANDARD_LIBRARIES = YES;
				BUNDLE_LOADER = "$(TEST_HOST)";
				CODE_SIGN_STYLE = Automatic;
				CURRENT_PROJECT_VERSION = 1;
				GENERATE_INFOPLIST_FILE = YES;
				IPHONEOS_DEPLOYMENT_TARGET = 15.0;
				LD_RUNPATH_SEARCH_PATHS = (
					"$(inherited)",
					"@executable_path/Frameworks",
					"@loader_path/Frameworks",
				);
				MARKETING_VERSION = 1.0;
				PRODUCT_BUNDLE_IDENTIFIER = lamia.callTests;
				PRODUCT_NAME = "$(TARGET_NAME)";
				SWIFT_EMIT_LOC_STRINGS = NO;
				SWIFT_VERSION = 5.0;
				TARGETED_DEVICE_FAMILY = "1,2";
				TEST_HOST = "$(BUILT_PRODUCTS_DIR)/call.app/call";
			};
			name = Release;
		};
		5FF63F52275CBFAF009778AF /* Debug */ = {
			isa = XCBuildConfiguration;
			buildSettings = {
				ALWAYS_EMBED_SWIFT_STANDARD_LIBRARIES = YES;
				CODE_SIGN_STYLE = Automatic;
				CURRENT_PROJECT_VERSION = 1;
				GENERATE_INFOPLIST_FILE = YES;
				LD_RUNPATH_SEARCH_PATHS = (
					"$(inherited)",
					"@executable_path/Frameworks",
					"@loader_path/Frameworks",
				);
				MARKETING_VERSION = 1.0;
				PRODUCT_BUNDLE_IDENTIFIER = lamia.callUITests;
				PRODUCT_NAME = "$(TARGET_NAME)";
				SWIFT_EMIT_LOC_STRINGS = NO;
				SWIFT_VERSION = 5.0;
				TARGETED_DEVICE_FAMILY = "1,2";
				TEST_TARGET_NAME = call;
			};
			name = Debug;
		};
		5FF63F53275CBFAF009778AF /* Release */ = {
			isa = XCBuildConfiguration;
			buildSettings = {
				ALWAYS_EMBED_SWIFT_STANDARD_LIBRARIES = YES;
				CODE_SIGN_STYLE = Automatic;
				CURRENT_PROJECT_VERSION = 1;
				GENERATE_INFOPLIST_FILE = YES;
				LD_RUNPATH_SEARCH_PATHS = (
					"$(inherited)",
					"@executable_path/Frameworks",
					"@loader_path/Frameworks",
				);
				MARKETING_VERSION = 1.0;
				PRODUCT_BUNDLE_IDENTIFIER = lamia.callUITests;
				PRODUCT_NAME = "$(TARGET_NAME)";
				SWIFT_EMIT_LOC_STRINGS = NO;
				SWIFT_VERSION = 5.0;
				TARGETED_DEVICE_FAMILY = "1,2";
				TEST_TARGET_NAME = call;
			};
			name = Release;
		};
/* End XCBuildConfiguration section */

/* Begin XCConfigurationList section */
		5FF63F1C275CBFA9009778AF /* Build configuration list for PBXProject "call" */ = {
			isa = XCConfigurationList;
			buildConfigurations = (
				5FF63F49275CBFAF009778AF /* Debug */,
				5FF63F4A275CBFAF009778AF /* Release */,
			);
			defaultConfigurationIsVisible = 0;
			defaultConfigurationName = Release;
		};
		5FF63F4B275CBFAF009778AF /* Build configuration list for PBXNativeTarget "call" */ = {
			isa = XCConfigurationList;
			buildConfigurations = (
				5FF63F4C275CBFAF009778AF /* Debug */,
				5FF63F4D275CBFAF009778AF /* Release */,
			);
			defaultConfigurationIsVisible = 0;
			defaultConfigurationName = Release;
		};
		5FF63F4E275CBFAF009778AF /* Build configuration list for PBXNativeTarget "callTests" */ = {
			isa = XCConfigurationList;
			buildConfigurations = (
				5FF63F4F275CBFAF009778AF /* Debug */,
				5FF63F50275CBFAF009778AF /* Release */,
			);
			defaultConfigurationIsVisible = 0;
			defaultConfigurationName = Release;
		};
		5FF63F51275CBFAF009778AF /* Build configuration list for PBXNativeTarget "callUITests" */ = {
			isa = XCConfigurationList;
			buildConfigurations = (
				5FF63F52275CBFAF009778AF /* Debug */,
				5FF63F53275CBFAF009778AF /* Release */,
			);
			defaultConfigurationIsVisible = 0;
			defaultConfigurationName = Release;
		};
/* End XCConfigurationList section */
	};
	rootObject = 5FF63F19275CBFA9009778AF /* Project object */;
}
